// !$*UTF8*$!
{
	archiveVersion = 1;
	classes = {
	};
	objectVersion = 55;
	objects = {

/* Begin PBXBuildFile section */
		843395A027DA694F00A867E0 /* ChatView.swift in Sources */ = {isa = PBXBuildFile; fileRef = 8433959F27DA694F00A867E0 /* ChatView.swift */; };
		843395A227DA696C00A867E0 /* ChannelView.swift in Sources */ = {isa = PBXBuildFile; fileRef = 843395A127DA696C00A867E0 /* ChannelView.swift */; };
		843395A427DA698C00A867E0 /* MainTabView.swift in Sources */ = {isa = PBXBuildFile; fileRef = 843395A327DA698C00A867E0 /* MainTabView.swift */; };
		843395A727DA71E700A867E0 /* SettingsView.swift in Sources */ = {isa = PBXBuildFile; fileRef = 843395A627DA71E700A867E0 /* SettingsView.swift */; };
		843395AA27DA729300A867E0 /* NewFeedView.swift in Sources */ = {isa = PBXBuildFile; fileRef = 843395A927DA729300A867E0 /* NewFeedView.swift */; };
		843395AC27DA72FE00A867E0 /* ConversationView.swift in Sources */ = {isa = PBXBuildFile; fileRef = 843395AB27DA72FE00A867E0 /* ConversationView.swift */; };
		843395AE27DBD0AF00A867E0 /* SettingsHeaderView.swift in Sources */ = {isa = PBXBuildFile; fileRef = 843395AD27DBD0AF00A867E0 /* SettingsHeaderView.swift */; };
		843395B027DBD16100A867E0 /* SettingsCellView.swift in Sources */ = {isa = PBXBuildFile; fileRef = 843395AF27DBD16100A867E0 /* SettingsCellView.swift */; };
		8463ACCF27E65954007BC9A2 /* StatusSelectorView.swift in Sources */ = {isa = PBXBuildFile; fileRef = 8463ACCE27E65954007BC9A2 /* StatusSelectorView.swift */; };
		846F5A7B27F0A7D30042AA85 /* CustomInputView.swift in Sources */ = {isa = PBXBuildFile; fileRef = 846F5A7A27F0A7D30042AA85 /* CustomInputView.swift */; };
		846F5A7D27F0B5AF0042AA85 /* Message.swift in Sources */ = {isa = PBXBuildFile; fileRef = 846F5A7C27F0B5AF0042AA85 /* Message.swift */; };
		846F5A7F27F0B7130042AA85 /* ChatViewModel.swift in Sources */ = {isa = PBXBuildFile; fileRef = 846F5A7E27F0B7130042AA85 /* ChatViewModel.swift */; };
		8472365D27DBFEB5007D73FF /* SettingsButtonView.swift in Sources */ = {isa = PBXBuildFile; fileRef = 8472365C27DBFEB5007D73FF /* SettingsButtonView.swift */; };
		847DEA5A27E7DE180061AB52 /* ImagePicker.swift in Sources */ = {isa = PBXBuildFile; fileRef = 847DEA5927E7DE180061AB52 /* ImagePicker.swift */; };
		84868D6C27EE234800E1C7F9 /* ConversationCell.swift in Sources */ = {isa = PBXBuildFile; fileRef = 84868D6B27EE234800E1C7F9 /* ConversationCell.swift */; };
		84884FC727DCB22300B211AA /* SettingsCellViewModel.swift in Sources */ = {isa = PBXBuildFile; fileRef = 84884FC627DCB22300B211AA /* SettingsCellViewModel.swift */; };
		8498E8D727EF9C5B009EE2DE /* NewMessageView.swift in Sources */ = {isa = PBXBuildFile; fileRef = 8498E8D627EF9C5B009EE2DE /* NewMessageView.swift */; };
		8498E8D927EF9CE2009EE2DE /* UserCell.swift in Sources */ = {isa = PBXBuildFile; fileRef = 8498E8D827EF9CE2009EE2DE /* UserCell.swift */; };
		8498E8DB27EFAFC6009EE2DE /* SearchBar.swift in Sources */ = {isa = PBXBuildFile; fileRef = 8498E8DA27EFAFC6009EE2DE /* SearchBar.swift */; };
		8498E8DD27EFBA34009EE2DE /* Extensions.swift in Sources */ = {isa = PBXBuildFile; fileRef = 8498E8DC27EFBA34009EE2DE /* Extensions.swift */; };
		849CA1D827E6788000F29360 /* StatusViewModel.swift in Sources */ = {isa = PBXBuildFile; fileRef = 849CA1D727E6788000F29360 /* StatusViewModel.swift */; };
		84B2BD2C27D7ABB100D42DE3 /* multiverseApp.swift in Sources */ = {isa = PBXBuildFile; fileRef = 84B2BD2B27D7ABB100D42DE3 /* multiverseApp.swift */; };
		84B2BD2E27D7ABB100D42DE3 /* ContentView.swift in Sources */ = {isa = PBXBuildFile; fileRef = 84B2BD2D27D7ABB100D42DE3 /* ContentView.swift */; };
		84B2BD3027D7ABB400D42DE3 /* Assets.xcassets in Resources */ = {isa = PBXBuildFile; fileRef = 84B2BD2F27D7ABB400D42DE3 /* Assets.xcassets */; };
		84B2BD3327D7ABB400D42DE3 /* Preview Assets.xcassets in Resources */ = {isa = PBXBuildFile; fileRef = 84B2BD3227D7ABB400D42DE3 /* Preview Assets.xcassets */; };
		84B8217127EFE75F00C6ED00 /* ChatBubble.swift in Sources */ = {isa = PBXBuildFile; fileRef = 84B8217027EFE75F00C6ED00 /* ChatBubble.swift */; };
		84B8217327EFEAF500C6ED00 /* MessageVeiw.swift in Sources */ = {isa = PBXBuildFile; fileRef = 84B8217227EFEAF500C6ED00 /* MessageVeiw.swift */; };
		84BA0B5527DF5E3700027A55 /* EditProfileView.swift in Sources */ = {isa = PBXBuildFile; fileRef = 84BA0B5427DF5E3700027A55 /* EditProfileView.swift */; };
		84BC26B727D9630F0042FBC0 /* CustomTextField.swift in Sources */ = {isa = PBXBuildFile; fileRef = 84BC26B627D9630F0042FBC0 /* CustomTextField.swift */; };
		84C4A81027F38AC20001484A /* FirebaseAuth in Frameworks */ = {isa = PBXBuildFile; productRef = 84C4A80F27F38AC20001484A /* FirebaseAuth */; };
		84C4A81227F38AC20001484A /* FirebaseFirestore in Frameworks */ = {isa = PBXBuildFile; productRef = 84C4A81127F38AC20001484A /* FirebaseFirestore */; };
		84C4A81427F38AC20001484A /* FirebaseFunctions in Frameworks */ = {isa = PBXBuildFile; productRef = 84C4A81327F38AC20001484A /* FirebaseFunctions */; };
		84C4A81627F38AC20001484A /* FirebaseStorage in Frameworks */ = {isa = PBXBuildFile; productRef = 84C4A81527F38AC20001484A /* FirebaseStorage */; };
		84C4A81827F391840001484A /* AuthViewModel.swift in Sources */ = {isa = PBXBuildFile; fileRef = 84C4A81727F391840001484A /* AuthViewModel.swift */; };
		84C4A81A27F396690001484A /* GoogleService-Info.plist in Resources */ = {isa = PBXBuildFile; fileRef = 84C4A81927F396680001484A /* GoogleService-Info.plist */; };
		84F92A7627D7FDA100A4C3C0 /* LoginView.swift in Sources */ = {isa = PBXBuildFile; fileRef = 84F92A7527D7FDA100A4C3C0 /* LoginView.swift */; };
		84F92A7827D7FDC000A4C3C0 /* RegistrationView.swift in Sources */ = {isa = PBXBuildFile; fileRef = 84F92A7727D7FDC000A4C3C0 /* RegistrationView.swift */; };
/* End PBXBuildFile section */

/* Begin PBXFileReference section */
		8433959F27DA694F00A867E0 /* ChatView.swift */ = {isa = PBXFileReference; lastKnownFileType = sourcecode.swift; path = ChatView.swift; sourceTree = "<group>"; };
		843395A127DA696C00A867E0 /* ChannelView.swift */ = {isa = PBXFileReference; lastKnownFileType = sourcecode.swift; path = ChannelView.swift; sourceTree = "<group>"; };
		843395A327DA698C00A867E0 /* MainTabView.swift */ = {isa = PBXFileReference; lastKnownFileType = sourcecode.swift; path = MainTabView.swift; sourceTree = "<group>"; };
		843395A627DA71E700A867E0 /* SettingsView.swift */ = {isa = PBXFileReference; lastKnownFileType = sourcecode.swift; path = SettingsView.swift; sourceTree = "<group>"; };
		843395A927DA729300A867E0 /* NewFeedView.swift */ = {isa = PBXFileReference; lastKnownFileType = sourcecode.swift; path = NewFeedView.swift; sourceTree = "<group>"; };
		843395AB27DA72FE00A867E0 /* ConversationView.swift */ = {isa = PBXFileReference; lastKnownFileType = sourcecode.swift; path = ConversationView.swift; sourceTree = "<group>"; };
		843395AD27DBD0AF00A867E0 /* SettingsHeaderView.swift */ = {isa = PBXFileReference; lastKnownFileType = sourcecode.swift; path = SettingsHeaderView.swift; sourceTree = "<group>"; };
		843395AF27DBD16100A867E0 /* SettingsCellView.swift */ = {isa = PBXFileReference; lastKnownFileType = sourcecode.swift; path = SettingsCellView.swift; sourceTree = "<group>"; };
		8463ACCE27E65954007BC9A2 /* StatusSelectorView.swift */ = {isa = PBXFileReference; lastKnownFileType = sourcecode.swift; path = StatusSelectorView.swift; sourceTree = "<group>"; };
		846F5A7A27F0A7D30042AA85 /* CustomInputView.swift */ = {isa = PBXFileReference; lastKnownFileType = sourcecode.swift; path = CustomInputView.swift; sourceTree = "<group>"; };
		846F5A7C27F0B5AF0042AA85 /* Message.swift */ = {isa = PBXFileReference; lastKnownFileType = sourcecode.swift; path = Message.swift; sourceTree = "<group>"; };
		846F5A7E27F0B7130042AA85 /* ChatViewModel.swift */ = {isa = PBXFileReference; lastKnownFileType = sourcecode.swift; path = ChatViewModel.swift; sourceTree = "<group>"; };
		8472365C27DBFEB5007D73FF /* SettingsButtonView.swift */ = {isa = PBXFileReference; lastKnownFileType = sourcecode.swift; path = SettingsButtonView.swift; sourceTree = "<group>"; };
		847DEA5927E7DE180061AB52 /* ImagePicker.swift */ = {isa = PBXFileReference; lastKnownFileType = sourcecode.swift; path = ImagePicker.swift; sourceTree = "<group>"; };
		84868D6B27EE234800E1C7F9 /* ConversationCell.swift */ = {isa = PBXFileReference; lastKnownFileType = sourcecode.swift; path = ConversationCell.swift; sourceTree = "<group>"; };
		84884FC627DCB22300B211AA /* SettingsCellViewModel.swift */ = {isa = PBXFileReference; lastKnownFileType = sourcecode.swift; path = SettingsCellViewModel.swift; sourceTree = "<group>"; };
		8498E8D627EF9C5B009EE2DE /* NewMessageView.swift */ = {isa = PBXFileReference; lastKnownFileType = sourcecode.swift; path = NewMessageView.swift; sourceTree = "<group>"; };
		8498E8D827EF9CE2009EE2DE /* UserCell.swift */ = {isa = PBXFileReference; lastKnownFileType = sourcecode.swift; path = UserCell.swift; sourceTree = "<group>"; };
		8498E8DA27EFAFC6009EE2DE /* SearchBar.swift */ = {isa = PBXFileReference; lastKnownFileType = sourcecode.swift; path = SearchBar.swift; sourceTree = "<group>"; };
		8498E8DC27EFBA34009EE2DE /* Extensions.swift */ = {isa = PBXFileReference; lastKnownFileType = sourcecode.swift; path = Extensions.swift; sourceTree = "<group>"; };
		849CA1D727E6788000F29360 /* StatusViewModel.swift */ = {isa = PBXFileReference; lastKnownFileType = sourcecode.swift; path = StatusViewModel.swift; sourceTree = "<group>"; };
		84B2BD2827D7ABB100D42DE3 /* multiverse.app */ = {isa = PBXFileReference; explicitFileType = wrapper.application; includeInIndex = 0; path = multiverse.app; sourceTree = BUILT_PRODUCTS_DIR; };
		84B2BD2B27D7ABB100D42DE3 /* multiverseApp.swift */ = {isa = PBXFileReference; lastKnownFileType = sourcecode.swift; path = multiverseApp.swift; sourceTree = "<group>"; };
		84B2BD2D27D7ABB100D42DE3 /* ContentView.swift */ = {isa = PBXFileReference; lastKnownFileType = sourcecode.swift; path = ContentView.swift; sourceTree = "<group>"; };
		84B2BD2F27D7ABB400D42DE3 /* Assets.xcassets */ = {isa = PBXFileReference; lastKnownFileType = folder.assetcatalog; path = Assets.xcassets; sourceTree = "<group>"; };
		84B2BD3227D7ABB400D42DE3 /* Preview Assets.xcassets */ = {isa = PBXFileReference; lastKnownFileType = folder.assetcatalog; path = "Preview Assets.xcassets"; sourceTree = "<group>"; };
		84B8217027EFE75F00C6ED00 /* ChatBubble.swift */ = {isa = PBXFileReference; lastKnownFileType = sourcecode.swift; path = ChatBubble.swift; sourceTree = "<group>"; };
		84B8217227EFEAF500C6ED00 /* MessageVeiw.swift */ = {isa = PBXFileReference; lastKnownFileType = sourcecode.swift; path = MessageVeiw.swift; sourceTree = "<group>"; };
		84BA0B5427DF5E3700027A55 /* EditProfileView.swift */ = {isa = PBXFileReference; lastKnownFileType = sourcecode.swift; path = EditProfileView.swift; sourceTree = "<group>"; };
		84BC26B627D9630F0042FBC0 /* CustomTextField.swift */ = {isa = PBXFileReference; lastKnownFileType = sourcecode.swift; path = CustomTextField.swift; sourceTree = "<group>"; };
		84C4A81727F391840001484A /* AuthViewModel.swift */ = {isa = PBXFileReference; lastKnownFileType = sourcecode.swift; path = AuthViewModel.swift; sourceTree = "<group>"; };
		84C4A81927F396680001484A /* GoogleService-Info.plist */ = {isa = PBXFileReference; fileEncoding = 4; lastKnownFileType = text.plist.xml; name = "GoogleService-Info.plist"; path = "../GoogleService-Info.plist"; sourceTree = "<group>"; };
		84F92A7527D7FDA100A4C3C0 /* LoginView.swift */ = {isa = PBXFileReference; lastKnownFileType = sourcecode.swift; path = LoginView.swift; sourceTree = "<group>"; };
		84F92A7727D7FDC000A4C3C0 /* RegistrationView.swift */ = {isa = PBXFileReference; lastKnownFileType = sourcecode.swift; path = RegistrationView.swift; sourceTree = "<group>"; };
/* End PBXFileReference section */

/* Begin PBXFrameworksBuildPhase section */
		84B2BD2527D7ABB000D42DE3 /* Frameworks */ = {
			isa = PBXFrameworksBuildPhase;
			buildActionMask = 2147483647;
			files = (
				84C4A81427F38AC20001484A /* FirebaseFunctions in Frameworks */,
				84C4A81627F38AC20001484A /* FirebaseStorage in Frameworks */,
				84C4A81027F38AC20001484A /* FirebaseAuth in Frameworks */,
				84C4A81227F38AC20001484A /* FirebaseFirestore in Frameworks */,
			);
			runOnlyForDeploymentPostprocessing = 0;
		};
/* End PBXFrameworksBuildPhase section */

/* Begin PBXGroup section */
		8433959B27DA688500A867E0 /* Conversation */ = {
			isa = PBXGroup;
			children = (
				843395AB27DA72FE00A867E0 /* ConversationView.swift */,
				84868D6B27EE234800E1C7F9 /* ConversationCell.swift */,
				8498E8D627EF9C5B009EE2DE /* NewMessageView.swift */,
				8498E8D827EF9CE2009EE2DE /* UserCell.swift */,
			);
			path = Conversation;
			sourceTree = "<group>";
		};
		8433959C27DA688B00A867E0 /* Chats */ = {
			isa = PBXGroup;
			children = (
				8433959F27DA694F00A867E0 /* ChatView.swift */,
				84B8217027EFE75F00C6ED00 /* ChatBubble.swift */,
				84B8217227EFEAF500C6ED00 /* MessageVeiw.swift */,
				846F5A7A27F0A7D30042AA85 /* CustomInputView.swift */,
			);
			path = Chats;
			sourceTree = "<group>";
		};
		8433959D27DA688F00A867E0 /* Channels  */ = {
			isa = PBXGroup;
			children = (
				843395A127DA696C00A867E0 /* ChannelView.swift */,
			);
			path = "Channels ";
			sourceTree = "<group>";
		};
		843395A527DA71BD00A867E0 /* Settings */ = {
			isa = PBXGroup;
			children = (
				843395A627DA71E700A867E0 /* SettingsView.swift */,
				843395AD27DBD0AF00A867E0 /* SettingsHeaderView.swift */,
				843395AF27DBD16100A867E0 /* SettingsCellView.swift */,
				8472365C27DBFEB5007D73FF /* SettingsButtonView.swift */,
				84BA0B5427DF5E3700027A55 /* EditProfileView.swift */,
				8463ACCE27E65954007BC9A2 /* StatusSelectorView.swift */,
			);
			path = Settings;
			sourceTree = "<group>";
		};
		843395A827DA727300A867E0 /* NewsFeed */ = {
			isa = PBXGroup;
			children = (
				843395A927DA729300A867E0 /* NewFeedView.swift */,
			);
			path = NewsFeed;
			sourceTree = "<group>";
		};
		84868D6D27EE30A200E1C7F9 /* Main */ = {
			isa = PBXGroup;
			children = (
			);
			path = Main;
			sourceTree = "<group>";
		};
		84B2BD1F27D7ABB000D42DE3 = {
			isa = PBXGroup;
			children = (
				84C4A81927F396680001484A /* GoogleService-Info.plist */,
				84B2BD2A27D7ABB100D42DE3 /* multiverse */,
				84B2BD2927D7ABB100D42DE3 /* Products */,
			);
			sourceTree = "<group>";
		};
		84B2BD2927D7ABB100D42DE3 /* Products */ = {
			isa = PBXGroup;
			children = (
				84B2BD2827D7ABB100D42DE3 /* multiverse.app */,
			);
			name = Products;
			sourceTree = "<group>";
		};
		84B2BD2A27D7ABB100D42DE3 /* multiverse */ = {
			isa = PBXGroup;
			children = (
				84868D6D27EE30A200E1C7F9 /* Main */,
				84B2BD3D27D7B65E00D42DE3 /* Model */,
				84B2BD3C27D7B65700D42DE3 /* View */,
				84B2BD3B27D7B65300D42DE3 /* ViewModel */,
				84B2BD3A27D7B64F00D42DE3 /* API */,
				84B2BD3927D7B64700D42DE3 /* Utils */,
				84BFF85F27F20A0B00A90888 /* App */,
				84B2BD2F27D7ABB400D42DE3 /* Assets.xcassets */,
				84B2BD3127D7ABB400D42DE3 /* Preview Content */,
			);
			path = multiverse;
			sourceTree = "<group>";
		};
		84B2BD3127D7ABB400D42DE3 /* Preview Content */ = {
			isa = PBXGroup;
			children = (
				84B2BD3227D7ABB400D42DE3 /* Preview Assets.xcassets */,
			);
			path = "Preview Content";
			sourceTree = "<group>";
		};
		84B2BD3927D7B64700D42DE3 /* Utils */ = {
			isa = PBXGroup;
			children = (
				847DEA5927E7DE180061AB52 /* ImagePicker.swift */,
				84BC26B627D9630F0042FBC0 /* CustomTextField.swift */,
				8498E8DA27EFAFC6009EE2DE /* SearchBar.swift */,
				8498E8DC27EFBA34009EE2DE /* Extensions.swift */,
			);
			path = Utils;
			sourceTree = "<group>";
		};
		84B2BD3A27D7B64F00D42DE3 /* API */ = {
			isa = PBXGroup;
			children = (
			);
			path = API;
			sourceTree = "<group>";
		};
		84B2BD3B27D7B65300D42DE3 /* ViewModel */ = {
			isa = PBXGroup;
			children = (
				84884FC627DCB22300B211AA /* SettingsCellViewModel.swift */,
				849CA1D727E6788000F29360 /* StatusViewModel.swift */,
				846F5A7E27F0B7130042AA85 /* ChatViewModel.swift */,
				84C4A81727F391840001484A /* AuthViewModel.swift */,
			);
			path = ViewModel;
			sourceTree = "<group>";
		};
		84B2BD3C27D7B65700D42DE3 /* View */ = {
			isa = PBXGroup;
			children = (
				843395A827DA727300A867E0 /* NewsFeed */,
				843395A527DA71BD00A867E0 /* Settings */,
				8433959D27DA688F00A867E0 /* Channels  */,
				8433959C27DA688B00A867E0 /* Chats */,
				8433959B27DA688500A867E0 /* Conversation */,
				84F92A7427D7FD7500A4C3C0 /* Authentication */,
			);
			path = View;
			sourceTree = "<group>";
		};
		84B2BD3D27D7B65E00D42DE3 /* Model */ = {
			isa = PBXGroup;
			children = (
				846F5A7C27F0B5AF0042AA85 /* Message.swift */,
			);
			path = Model;
			sourceTree = "<group>";
		};
		84BFF85F27F20A0B00A90888 /* App */ = {
			isa = PBXGroup;
			children = (
				84B2BD2D27D7ABB100D42DE3 /* ContentView.swift */,
				843395A327DA698C00A867E0 /* MainTabView.swift */,
				84B2BD2B27D7ABB100D42DE3 /* multiverseApp.swift */,
			);
			path = App;
			sourceTree = "<group>";
		};
		84F92A7427D7FD7500A4C3C0 /* Authentication */ = {
			isa = PBXGroup;
			children = (
				84F92A7527D7FDA100A4C3C0 /* LoginView.swift */,
				84F92A7727D7FDC000A4C3C0 /* RegistrationView.swift */,
			);
			path = Authentication;
			sourceTree = "<group>";
		};
/* End PBXGroup section */

/* Begin PBXNativeTarget section */
		84B2BD2727D7ABB000D42DE3 /* multiverse */ = {
			isa = PBXNativeTarget;
			buildConfigurationList = 84B2BD3627D7ABB400D42DE3 /* Build configuration list for PBXNativeTarget "multiverse" */;
			buildPhases = (
				84B2BD2427D7ABB000D42DE3 /* Sources */,
				84B2BD2527D7ABB000D42DE3 /* Frameworks */,
				84B2BD2627D7ABB000D42DE3 /* Resources */,
			);
			buildRules = (
			);
			dependencies = (
			);
			name = multiverse;
			packageProductDependencies = (
				84C4A80F27F38AC20001484A /* FirebaseAuth */,
				84C4A81127F38AC20001484A /* FirebaseFirestore */,
				84C4A81327F38AC20001484A /* FirebaseFunctions */,
				84C4A81527F38AC20001484A /* FirebaseStorage */,
			);
			productName = multiverse;
			productReference = 84B2BD2827D7ABB100D42DE3 /* multiverse.app */;
			productType = "com.apple.product-type.application";
		};
/* End PBXNativeTarget section */

/* Begin PBXProject section */
		84B2BD2027D7ABB000D42DE3 /* Project object */ = {
			isa = PBXProject;
			attributes = {
				BuildIndependentTargetsInParallel = 1;
				LastSwiftUpdateCheck = 1320;
				LastUpgradeCheck = 1320;
				TargetAttributes = {
					84B2BD2727D7ABB000D42DE3 = {
						CreatedOnToolsVersion = 13.2.1;
					};
				};
			};
			buildConfigurationList = 84B2BD2327D7ABB000D42DE3 /* Build configuration list for PBXProject "multiverse" */;
			compatibilityVersion = "Xcode 13.0";
			developmentRegion = en;
			hasScannedForEncodings = 0;
			knownRegions = (
				en,
				Base,
			);
			mainGroup = 84B2BD1F27D7ABB000D42DE3;
			packageReferences = (
				84C4A80E27F38AC20001484A /* XCRemoteSwiftPackageReference "firebase-ios-sdk" */,
			);
			productRefGroup = 84B2BD2927D7ABB100D42DE3 /* Products */;
			projectDirPath = "";
			projectRoot = "";
			targets = (
				84B2BD2727D7ABB000D42DE3 /* multiverse */,
			);
		};
/* End PBXProject section */

/* Begin PBXResourcesBuildPhase section */
		84B2BD2627D7ABB000D42DE3 /* Resources */ = {
			isa = PBXResourcesBuildPhase;
			buildActionMask = 2147483647;
			files = (
				84B2BD3327D7ABB400D42DE3 /* Preview Assets.xcassets in Resources */,
				84B2BD3027D7ABB400D42DE3 /* Assets.xcassets in Resources */,
				84C4A81A27F396690001484A /* GoogleService-Info.plist in Resources */,
			);
			runOnlyForDeploymentPostprocessing = 0;
		};
/* End PBXResourcesBuildPhase section */

/* Begin PBXSourcesBuildPhase section */
		84B2BD2427D7ABB000D42DE3 /* Sources */ = {
			isa = PBXSourcesBuildPhase;
			buildActionMask = 2147483647;
			files = (
				84B8217327EFEAF500C6ED00 /* MessageVeiw.swift in Sources */,
				843395AE27DBD0AF00A867E0 /* SettingsHeaderView.swift in Sources */,
				84B8217127EFE75F00C6ED00 /* ChatBubble.swift in Sources */,
				84884FC727DCB22300B211AA /* SettingsCellViewModel.swift in Sources */,
				84BA0B5527DF5E3700027A55 /* EditProfileView.swift in Sources */,
				846F5A7B27F0A7D30042AA85 /* CustomInputView.swift in Sources */,
				843395B027DBD16100A867E0 /* SettingsCellView.swift in Sources */,
				84868D6C27EE234800E1C7F9 /* ConversationCell.swift in Sources */,
				84F92A7627D7FDA100A4C3C0 /* LoginView.swift in Sources */,
				846F5A7F27F0B7130042AA85 /* ChatViewModel.swift in Sources */,
				843395A427DA698C00A867E0 /* MainTabView.swift in Sources */,
				843395AC27DA72FE00A867E0 /* ConversationView.swift in Sources */,
				847DEA5A27E7DE180061AB52 /* ImagePicker.swift in Sources */,
				8498E8D727EF9C5B009EE2DE /* NewMessageView.swift in Sources */,
				846F5A7D27F0B5AF0042AA85 /* Message.swift in Sources */,
				8472365D27DBFEB5007D73FF /* SettingsButtonView.swift in Sources */,
				84B2BD2E27D7ABB100D42DE3 /* ContentView.swift in Sources */,
				843395AA27DA729300A867E0 /* NewFeedView.swift in Sources */,
				8463ACCF27E65954007BC9A2 /* StatusSelectorView.swift in Sources */,
				843395A727DA71E700A867E0 /* SettingsView.swift in Sources */,
				84C4A81827F391840001484A /* AuthViewModel.swift in Sources */,
				84B2BD2C27D7ABB100D42DE3 /* multiverseApp.swift in Sources */,
				8498E8DB27EFAFC6009EE2DE /* SearchBar.swift in Sources */,
				84F92A7827D7FDC000A4C3C0 /* RegistrationView.swift in Sources */,
				843395A027DA694F00A867E0 /* ChatView.swift in Sources */,
				8498E8DD27EFBA34009EE2DE /* Extensions.swift in Sources */,
				843395A227DA696C00A867E0 /* ChannelView.swift in Sources */,
				849CA1D827E6788000F29360 /* StatusViewModel.swift in Sources */,
				8498E8D927EF9CE2009EE2DE /* UserCell.swift in Sources */,
				84BC26B727D9630F0042FBC0 /* CustomTextField.swift in Sources */,
			);
			runOnlyForDeploymentPostprocessing = 0;
		};
/* End PBXSourcesBuildPhase section */

/* Begin XCBuildConfiguration section */
		84B2BD3427D7ABB400D42DE3 /* Debug */ = {
			isa = XCBuildConfiguration;
			buildSettings = {
				ALWAYS_SEARCH_USER_PATHS = NO;
				CLANG_ANALYZER_NONNULL = YES;
				CLANG_ANALYZER_NUMBER_OBJECT_CONVERSION = YES_AGGRESSIVE;
				CLANG_CXX_LANGUAGE_STANDARD = "gnu++17";
				CLANG_CXX_LIBRARY = "libc++";
				CLANG_ENABLE_MODULES = YES;
				CLANG_ENABLE_OBJC_ARC = YES;
				CLANG_ENABLE_OBJC_WEAK = YES;
				CLANG_WARN_BLOCK_CAPTURE_AUTORELEASING = YES;
				CLANG_WARN_BOOL_CONVERSION = YES;
				CLANG_WARN_COMMA = YES;
				CLANG_WARN_CONSTANT_CONVERSION = YES;
				CLANG_WARN_DEPRECATED_OBJC_IMPLEMENTATIONS = YES;
				CLANG_WARN_DIRECT_OBJC_ISA_USAGE = YES_ERROR;
				CLANG_WARN_DOCUMENTATION_COMMENTS = YES;
				CLANG_WARN_EMPTY_BODY = YES;
				CLANG_WARN_ENUM_CONVERSION = YES;
				CLANG_WARN_INFINITE_RECURSION = YES;
				CLANG_WARN_INT_CONVERSION = YES;
				CLANG_WARN_NON_LITERAL_NULL_CONVERSION = YES;
				CLANG_WARN_OBJC_IMPLICIT_RETAIN_SELF = YES;
				CLANG_WARN_OBJC_LITERAL_CONVERSION = YES;
				CLANG_WARN_OBJC_ROOT_CLASS = YES_ERROR;
				CLANG_WARN_QUOTED_INCLUDE_IN_FRAMEWORK_HEADER = YES;
				CLANG_WARN_RANGE_LOOP_ANALYSIS = YES;
				CLANG_WARN_STRICT_PROTOTYPES = YES;
				CLANG_WARN_SUSPICIOUS_MOVE = YES;
				CLANG_WARN_UNGUARDED_AVAILABILITY = YES_AGGRESSIVE;
				CLANG_WARN_UNREACHABLE_CODE = YES;
				CLANG_WARN__DUPLICATE_METHOD_MATCH = YES;
				COPY_PHASE_STRIP = NO;
				DEBUG_INFORMATION_FORMAT = dwarf;
				ENABLE_STRICT_OBJC_MSGSEND = YES;
				ENABLE_TESTABILITY = YES;
				GCC_C_LANGUAGE_STANDARD = gnu11;
				GCC_DYNAMIC_NO_PIC = NO;
				GCC_NO_COMMON_BLOCKS = YES;
				GCC_OPTIMIZATION_LEVEL = 0;
				GCC_PREPROCESSOR_DEFINITIONS = (
					"DEBUG=1",
					"$(inherited)",
				);
				GCC_WARN_64_TO_32_BIT_CONVERSION = YES;
				GCC_WARN_ABOUT_RETURN_TYPE = YES_ERROR;
				GCC_WARN_UNDECLARED_SELECTOR = YES;
				GCC_WARN_UNINITIALIZED_AUTOS = YES_AGGRESSIVE;
				GCC_WARN_UNUSED_FUNCTION = YES;
				GCC_WARN_UNUSED_VARIABLE = YES;
				IPHONEOS_DEPLOYMENT_TARGET = 15.2;
				MTL_ENABLE_DEBUG_INFO = INCLUDE_SOURCE;
				MTL_FAST_MATH = YES;
				ONLY_ACTIVE_ARCH = YES;
				SDKROOT = iphoneos;
				SWIFT_ACTIVE_COMPILATION_CONDITIONS = DEBUG;
				SWIFT_OPTIMIZATION_LEVEL = "-Onone";
			};
			name = Debug;
		};
		84B2BD3527D7ABB400D42DE3 /* Release */ = {
			isa = XCBuildConfiguration;
			buildSettings = {
				ALWAYS_SEARCH_USER_PATHS = NO;
				CLANG_ANALYZER_NONNULL = YES;
				CLANG_ANALYZER_NUMBER_OBJECT_CONVERSION = YES_AGGRESSIVE;
				CLANG_CXX_LANGUAGE_STANDARD = "gnu++17";
				CLANG_CXX_LIBRARY = "libc++";
				CLANG_ENABLE_MODULES = YES;
				CLANG_ENABLE_OBJC_ARC = YES;
				CLANG_ENABLE_OBJC_WEAK = YES;
				CLANG_WARN_BLOCK_CAPTURE_AUTORELEASING = YES;
				CLANG_WARN_BOOL_CONVERSION = YES;
				CLANG_WARN_COMMA = YES;
				CLANG_WARN_CONSTANT_CONVERSION = YES;
				CLANG_WARN_DEPRECATED_OBJC_IMPLEMENTATIONS = YES;
				CLANG_WARN_DIRECT_OBJC_ISA_USAGE = YES_ERROR;
				CLANG_WARN_DOCUMENTATION_COMMENTS = YES;
				CLANG_WARN_EMPTY_BODY = YES;
				CLANG_WARN_ENUM_CONVERSION = YES;
				CLANG_WARN_INFINITE_RECURSION = YES;
				CLANG_WARN_INT_CONVERSION = YES;
				CLANG_WARN_NON_LITERAL_NULL_CONVERSION = YES;
				CLANG_WARN_OBJC_IMPLICIT_RETAIN_SELF = YES;
				CLANG_WARN_OBJC_LITERAL_CONVERSION = YES;
				CLANG_WARN_OBJC_ROOT_CLASS = YES_ERROR;
				CLANG_WARN_QUOTED_INCLUDE_IN_FRAMEWORK_HEADER = YES;
				CLANG_WARN_RANGE_LOOP_ANALYSIS = YES;
				CLANG_WARN_STRICT_PROTOTYPES = YES;
				CLANG_WARN_SUSPICIOUS_MOVE = YES;
				CLANG_WARN_UNGUARDED_AVAILABILITY = YES_AGGRESSIVE;
				CLANG_WARN_UNREACHABLE_CODE = YES;
				CLANG_WARN__DUPLICATE_METHOD_MATCH = YES;
				COPY_PHASE_STRIP = NO;
				DEBUG_INFORMATION_FORMAT = "dwarf-with-dsym";
				ENABLE_NS_ASSERTIONS = NO;
				ENABLE_STRICT_OBJC_MSGSEND = YES;
				GCC_C_LANGUAGE_STANDARD = gnu11;
				GCC_NO_COMMON_BLOCKS = YES;
				GCC_WARN_64_TO_32_BIT_CONVERSION = YES;
				GCC_WARN_ABOUT_RETURN_TYPE = YES_ERROR;
				GCC_WARN_UNDECLARED_SELECTOR = YES;
				GCC_WARN_UNINITIALIZED_AUTOS = YES_AGGRESSIVE;
				GCC_WARN_UNUSED_FUNCTION = YES;
				GCC_WARN_UNUSED_VARIABLE = YES;
				IPHONEOS_DEPLOYMENT_TARGET = 15.2;
				MTL_ENABLE_DEBUG_INFO = NO;
				MTL_FAST_MATH = YES;
				SDKROOT = iphoneos;
				SWIFT_COMPILATION_MODE = wholemodule;
				SWIFT_OPTIMIZATION_LEVEL = "-O";
				VALIDATE_PRODUCT = YES;
			};
			name = Release;
		};
		84B2BD3727D7ABB400D42DE3 /* Debug */ = {
			isa = XCBuildConfiguration;
			buildSettings = {
				ASSETCATALOG_COMPILER_APPICON_NAME = AppIcon;
				ASSETCATALOG_COMPILER_GLOBAL_ACCENT_COLOR_NAME = AccentColor;
				CODE_SIGN_STYLE = Automatic;
				CURRENT_PROJECT_VERSION = 1;
				DEVELOPMENT_ASSET_PATHS = "\"multiverse/Preview Content\"";
				DEVELOPMENT_TEAM = W35P6LHCZU;
				ENABLE_PREVIEWS = YES;
				GENERATE_INFOPLIST_FILE = YES;
				INFOPLIST_KEY_UIApplicationSceneManifest_Generation = YES;
				INFOPLIST_KEY_UIApplicationSupportsIndirectInputEvents = YES;
				INFOPLIST_KEY_UILaunchScreen_Generation = YES;
				INFOPLIST_KEY_UISupportedInterfaceOrientations_iPad = "UIInterfaceOrientationPortrait UIInterfaceOrientationPortraitUpsideDown UIInterfaceOrientationLandscapeLeft UIInterfaceOrientationLandscapeRight";
				INFOPLIST_KEY_UISupportedInterfaceOrientations_iPhone = "UIInterfaceOrientationPortrait UIInterfaceOrientationLandscapeLeft UIInterfaceOrientationLandscapeRight";
				IPHONEOS_DEPLOYMENT_TARGET = 15.2;
				LD_RUNPATH_SEARCH_PATHS = (
					"$(inherited)",
					"@executable_path/Frameworks",
				);
				MARKETING_VERSION = 1.0;
				PRODUCT_BUNDLE_IDENTIFIER = one.multiverse;
				PRODUCT_NAME = "$(TARGET_NAME)";
				SWIFT_EMIT_LOC_STRINGS = YES;
				SWIFT_VERSION = 5.0;
				TARGETED_DEVICE_FAMILY = "1,2";
			};
			name = Debug;
		};
		84B2BD3827D7ABB400D42DE3 /* Release */ = {
			isa = XCBuildConfiguration;
			buildSettings = {
				ASSETCATALOG_COMPILER_APPICON_NAME = AppIcon;
				ASSETCATALOG_COMPILER_GLOBAL_ACCENT_COLOR_NAME = AccentColor;
				CODE_SIGN_STYLE = Automatic;
				CURRENT_PROJECT_VERSION = 1;
				DEVELOPMENT_ASSET_PATHS = "\"multiverse/Preview Content\"";
				DEVELOPMENT_TEAM = W35P6LHCZU;
				ENABLE_PREVIEWS = YES;
				GENERATE_INFOPLIST_FILE = YES;
				INFOPLIST_KEY_UIApplicationSceneManifest_Generation = YES;
				INFOPLIST_KEY_UIApplicationSupportsIndirectInputEvents = YES;
				INFOPLIST_KEY_UILaunchScreen_Generation = YES;
				INFOPLIST_KEY_UISupportedInterfaceOrientations_iPad = "UIInterfaceOrientationPortrait UIInterfaceOrientationPortraitUpsideDown UIInterfaceOrientationLandscapeLeft UIInterfaceOrientationLandscapeRight";
				INFOPLIST_KEY_UISupportedInterfaceOrientations_iPhone = "UIInterfaceOrientationPortrait UIInterfaceOrientationLandscapeLeft UIInterfaceOrientationLandscapeRight";
				IPHONEOS_DEPLOYMENT_TARGET = 15.2;
				LD_RUNPATH_SEARCH_PATHS = (
					"$(inherited)",
					"@executable_path/Frameworks",
				);
				MARKETING_VERSION = 1.0;
				PRODUCT_BUNDLE_IDENTIFIER = one.multiverse;
				PRODUCT_NAME = "$(TARGET_NAME)";
				SWIFT_EMIT_LOC_STRINGS = YES;
				SWIFT_VERSION = 5.0;
				TARGETED_DEVICE_FAMILY = "1,2";
			};
			name = Release;
		};
/* End XCBuildConfiguration section */

/* Begin XCConfigurationList section */
		84B2BD2327D7ABB000D42DE3 /* Build configuration list for PBXProject "multiverse" */ = {
			isa = XCConfigurationList;
			buildConfigurations = (
				84B2BD3427D7ABB400D42DE3 /* Debug */,
				84B2BD3527D7ABB400D42DE3 /* Release */,
			);
			defaultConfigurationIsVisible = 0;
			defaultConfigurationName = Release;
		};
		84B2BD3627D7ABB400D42DE3 /* Build configuration list for PBXNativeTarget "multiverse" */ = {
			isa = XCConfigurationList;
			buildConfigurations = (
				84B2BD3727D7ABB400D42DE3 /* Debug */,
				84B2BD3827D7ABB400D42DE3 /* Release */,
			);
			defaultConfigurationIsVisible = 0;
			defaultConfigurationName = Release;
		};
/* End XCConfigurationList section */

/* Begin XCRemoteSwiftPackageReference section */
		84C4A80E27F38AC20001484A /* XCRemoteSwiftPackageReference "firebase-ios-sdk" */ = {
			isa = XCRemoteSwiftPackageReference;
			repositoryURL = "https://github.com/firebase/firebase-ios-sdk.git";
			requirement = {
				kind = upToNextMajorVersion;
				minimumVersion = 8.0.0;
			};
		};
/* End XCRemoteSwiftPackageReference section */

/* Begin XCSwiftPackageProductDependency section */
		84C4A80F27F38AC20001484A /* FirebaseAuth */ = {
			isa = XCSwiftPackageProductDependency;
			package = 84C4A80E27F38AC20001484A /* XCRemoteSwiftPackageReference "firebase-ios-sdk" */;
			productName = FirebaseAuth;
		};
		84C4A81127F38AC20001484A /* FirebaseFirestore */ = {
			isa = XCSwiftPackageProductDependency;
			package = 84C4A80E27F38AC20001484A /* XCRemoteSwiftPackageReference "firebase-ios-sdk" */;
			productName = FirebaseFirestore;
		};
		84C4A81327F38AC20001484A /* FirebaseFunctions */ = {
			isa = XCSwiftPackageProductDependency;
			package = 84C4A80E27F38AC20001484A /* XCRemoteSwiftPackageReference "firebase-ios-sdk" */;
			productName = FirebaseFunctions;
		};
		84C4A81527F38AC20001484A /* FirebaseStorage */ = {
			isa = XCSwiftPackageProductDependency;
			package = 84C4A80E27F38AC20001484A /* XCRemoteSwiftPackageReference "firebase-ios-sdk" */;
			productName = FirebaseStorage;
		};
/* End XCSwiftPackageProductDependency section */
	};
	rootObject = 84B2BD2027D7ABB000D42DE3 /* Project object */;
}
